
Microsoft Visual Studio Solution File, Format Version 12.00
# Visual Studio Version 17
VisualStudioVersion = 17.7.34202.233
MinimumVisualStudioVersion = 10.0.40219.1
Project("{FAE04EC0-301F-11D3-BF4B-00C04F79EFBC}") = "Db_FirstApproach", "Db_FirstApproach\Db_FirstApproach.csproj", "{5D1CACA8-B181-484F-A004-ECEB3DD14CB0}"
EndProject
Global
	GlobalSection(SolutionConfigurationPlatforms) = preSolution
		Debug|Any CPU = Debug|Any CPU
		Release|Any CPU = Release|Any CPU
	EndGlobalSection
	GlobalSection(ProjectConfigurationPlatforms) = postSolution
		{5D1CACA8-B181-484F-A004-ECEB3DD14CB0}.Debug|Any CPU.ActiveCfg = Debug|Any CPU
		{5D1CACA8-B181-484F-A004-ECEB3DD14CB0}.Debug|Any CPU.Build.0 = Debug|Any CPU
		{5D1CACA8-B181-484F-A004-ECEB3DD14CB0}.Release|Any CPU.ActiveCfg = Release|Any CPU
		{5D1CACA8-B181-484F-A004-ECEB3DD14CB0}.Release|Any CPU.Build.0 = Release|Any CPU
	EndGlobalSection
	GlobalSection(SolutionProperties) = preSolution
		HideSolutionNode = FALSE
	EndGlobalSection
	GlobalSection(ExtensibilityGlobals) = postSolution
		SolutionGuid = {459F1228-473A-4B22-B50D-A9E83DF314B5}
	EndGlobalSection
EndGlobal
